
Microsoft Visual Studio Solution File, Format Version 12.00
# Visual Studio 15
VisualStudioVersion = 15.0.28010.2026
MinimumVisualStudioVersion = 10.0.40219.1
Project("{8BC9CEB8-8B4A-11D0-8D11-00A0C91BC942}") = "Particles", "Particles.vcxproj", "{7BE468C8-02A3-41A6-9553-99A208C2D4D9}"
EndProject
Global
	GlobalSection(SolutionConfigurationPlatforms) = preSolution
		Debug OpenGL 4.1|Win32 = Debug OpenGL 4.1|Win32
		Debug OpenGL 4.1|x64 = Debug OpenGL 4.1|x64
		Debug|Win32 = Debug|Win32
		Debug|x64 = Debug|x64
		Release OpenGL 4.1|Win32 = Release OpenGL 4.1|Win32
		Release OpenGL 4.1|x64 = Release OpenGL 4.1|x64
		Release|Win32 = Release|Win32
		Release|x64 = Release|x64
	EndGlobalSection
	GlobalSection(ProjectConfigurationPlatforms) = postSolution
		{7BE468C8-02A3-41A6-9553-99A208C2D4D9}.Debug OpenGL 4.1|Win32.ActiveCfg = Debug OpenGL 4.1|Win32
		{7BE468C8-02A3-41A6-9553-99A208C2D4D9}.Debug OpenGL 4.1|Win32.Build.0 = Debug OpenGL 4.1|Win32
		{7BE468C8-02A3-41A6-9553-99A208C2D4D9}.Debug OpenGL 4.1|x64.ActiveCfg = Debug OpenGL 4.1|x64
		{7BE468C8-02A3-41A6-9553-99A208C2D4D9}.Debug OpenGL 4.1|x64.Build.0 = Debug OpenGL 4.1|x64
		{7BE468C8-02A3-41A6-9553-99A208C2D4D9}.Debug|Win32.ActiveCfg = Debug|Win32
		{7BE468C8-02A3-41A6-9553-99A208C2D4D9}.Debug|Win32.Build.0 = Debug|Win32
		{7BE468C8-02A3-41A6-9553-99A208C2D4D9}.Debug|x64.ActiveCfg = Debug|x64
		{7BE468C8-02A3-41A6-9553-99A208C2D4D9}.Debug|x64.Build.0 = Debug|x64
		{7BE468C8-02A3-41A6-9553-99A208C2D4D9}.Release OpenGL 4.1|Win32.ActiveCfg = Release OpenGL 4.1|Win32
		{7BE468C8-02A3-41A6-9553-99A208C2D4D9}.Release OpenGL 4.1|Win32.Build.0 = Release OpenGL 4.1|Win32
		{7BE468C8-02A3-41A6-9553-99A208C2D4D9}.Release OpenGL 4.1|x64.ActiveCfg = Release OpenGL 4.1|x64
		{7BE468C8-02A3-41A6-9553-99A208C2D4D9}.Release OpenGL 4.1|x64.Build.0 = Release OpenGL 4.1|x64
		{7BE468C8-02A3-41A6-9553-99A208C2D4D9}.Release|Win32.ActiveCfg = Release|Win32
		{7BE468C8-02A3-41A6-9553-99A208C2D4D9}.Release|Win32.Build.0 = Release|Win32
		{7BE468C8-02A3-41A6-9553-99A208C2D4D9}.Release|x64.ActiveCfg = Release|x64
		{7BE468C8-02A3-41A6-9553-99A208C2D4D9}.Release|x64.Build.0 = Release|x64
	EndGlobalSection
	GlobalSection(SolutionProperties) = preSolution
		HideSolutionNode = FALSE
	EndGlobalSection
	GlobalSection(ExtensibilityGlobals) = postSolution
		SolutionGuid = {DF814AD0-96C6-4E8D-9148-3753269EEDA4}
	EndGlobalSection
EndGlobal
